
Microsoft Visual Studio Solution File, Format Version 12.00
# Visual Studio 2013
VisualStudioVersion = 12.0.31101.0
MinimumVisualStudioVersion = 10.0.40219.1
Project("{FAE04EC0-301F-11D3-BF4B-00C04F79EFBC}") = "SklepInternetowy", "SklepInternetowy\SklepInternetowy.csproj", "{B4A0BA58-9F91-4BB1-AE98-755CB948AC62}"
EndProject
Project("{FAE04EC0-301F-11D3-BF4B-00C04F79EFBC}") = "SklepInternetowy.Tests", "SklepInternetowy.Tests\SklepInternetowy.Tests.csproj", "{106EC3D2-6667-4C40-A0EA-342D0F902689}"
EndProject
Global
	GlobalSection(SolutionConfigurationPlatforms) = preSolution
		Debug|Any CPU = Debug|Any CPU
		Release|Any CPU = Release|Any CPU
	EndGlobalSection
	GlobalSection(ProjectConfigurationPlatforms) = postSolution
		{B4A0BA58-9F91-4BB1-AE98-755CB948AC62}.Debug|Any CPU.ActiveCfg = Debug|Any CPU
		{B4A0BA58-9F91-4BB1-AE98-755CB948AC62}.Debug|Any CPU.Build.0 = Debug|Any CPU
		{B4A0BA58-9F91-4BB1-AE98-755CB948AC62}.Release|Any CPU.ActiveCfg = Release|Any CPU
		{B4A0BA58-9F91-4BB1-AE98-755CB948AC62}.Release|Any CPU.Build.0 = Release|Any CPU
		{106EC3D2-6667-4C40-A0EA-342D0F902689}.Debug|Any CPU.ActiveCfg = Debug|Any CPU
		{106EC3D2-6667-4C40-A0EA-342D0F902689}.Debug|Any CPU.Build.0 = Debug|Any CPU
		{106EC3D2-6667-4C40-A0EA-342D0F902689}.Release|Any CPU.ActiveCfg = Release|Any CPU
		{106EC3D2-6667-4C40-A0EA-342D0F902689}.Release|Any CPU.Build.0 = Release|Any CPU
	EndGlobalSection
	GlobalSection(SolutionProperties) = preSolution
		HideSolutionNode = FALSE
	EndGlobalSection
EndGlobal
